Microsoft Visual Studio Solution File, Format Version 12.00
# Visual Studio Version 17
VisualStudioVersion = 17.5.2.0
MinimumVisualStudioVersion = 10.0.40219.1
Project("{FAE04EC0-301F-11D3-BF4B-00C04F79EFBC}") = "DetectElevated", "DetectElevated.csproj", "{F7A0F366-0FA0-A208-EEEF-9132914EE741}"
EndProject
Global
	GlobalSection(SolutionConfigurationPlatforms) = preSolution
		Debug|Any CPU = Debug|Any CPU
		Release|Any CPU = Release|Any CPU
	EndGlobalSection
	GlobalSection(ProjectConfigurationPlatforms) = postSolution
		{F7A0F366-0FA0-A208-EEEF-9132914EE741}.Debug|Any CPU.ActiveCfg = Debug|Any CPU
		{F7A0F366-0FA0-A208-EEEF-9132914EE741}.Debug|Any CPU.Build.0 = Debug|Any CPU
		{F7A0F366-0FA0-A208-EEEF-9132914EE741}.Release|Any CPU.ActiveCfg = Release|Any CPU
		{F7A0F366-0FA0-A208-EEEF-9132914EE741}.Release|Any CPU.Build.0 = Release|Any CPU
	EndGlobalSection
	GlobalSection(SolutionProperties) = preSolution
		HideSolutionNode = FALSE
	EndGlobalSection
	GlobalSection(ExtensibilityGlobals) = postSolution
		SolutionGuid = {A532CF0B-614E-4231-AC7D-F0F93723BC08}
	EndGlobalSection
EndGlobal
